
Microsoft Visual Studio Solution File, Format Version 12.00
# Visual Studio Version 16
VisualStudioVersion = 16.0.29418.71
MinimumVisualStudioVersion = 10.0.40219.1
Project("{FAE04EC0-301F-11D3-BF4B-00C04F79EFBC}") = "AnimalFarm", "AnimalFarm\AnimalFarm.csproj", "{BECA6EC8-C200-48E2-9384-B03CC5A14F3C}"
EndProject
Global
	GlobalSection(SolutionConfigurationPlatforms) = preSolution
		Debug|Any CPU = Debug|Any CPU
		Release|Any CPU = Release|Any CPU
	EndGlobalSection
	GlobalSection(ProjectConfigurationPlatforms) = postSolution
		{BECA6EC8-C200-48E2-9384-B03CC5A14F3C}.Debug|Any CPU.ActiveCfg = Debug|Any CPU
		{BECA6EC8-C200-48E2-9384-B03CC5A14F3C}.Debug|Any CPU.Build.0 = Debug|Any CPU
		{BECA6EC8-C200-48E2-9384-B03CC5A14F3C}.Release|Any CPU.ActiveCfg = Release|Any CPU
		{BECA6EC8-C200-48E2-9384-B03CC5A14F3C}.Release|Any CPU.Build.0 = Release|Any CPU
	EndGlobalSection
	GlobalSection(SolutionProperties) = preSolution
		HideSolutionNode = FALSE
	EndGlobalSection
	GlobalSection(ExtensibilityGlobals) = postSolution
		SolutionGuid = {8A859B39-CDF7-4177-BA07-0D8C6DB0FB5C}
	EndGlobalSection
EndGlobal
