
Microsoft Visual Studio Solution File, Format Version 12.00
# Visual Studio Version 16
VisualStudioVersion = 16.0.29519.181
MinimumVisualStudioVersion = 10.0.40219.1
Project("{9A19103F-16F7-4668-BE54-9A1E7A4F7556}") = "LibraryApp", "LibraryApp\LibraryApp.csproj", "{D0B6E6A1-3409-4F3A-AB9D-E9B012C5E335}"
EndProject
Project("{9A19103F-16F7-4668-BE54-9A1E7A4F7556}") = "LibraryAppTests", "LibraryAppTests\LibraryAppTests.csproj", "{245F6D8F-1DCB-4DF2-BE24-61E1671974EA}"
EndProject
Project("{FAE04EC0-301F-11D3-BF4B-00C04F79EFBC}") = "LibraryWebApp", "LibraryWebApp\LibraryWebApp.csproj", "{4BF407CC-734E-4A79-A0F3-9C67C478C6BB}"
EndProject
Global
	GlobalSection(SolutionConfigurationPlatforms) = preSolution
		Debug|Any CPU = Debug|Any CPU
		Release|Any CPU = Release|Any CPU
	EndGlobalSection
	GlobalSection(ProjectConfigurationPlatforms) = postSolution
		{D0B6E6A1-3409-4F3A-AB9D-E9B012C5E335}.Debug|Any CPU.ActiveCfg = Debug|Any CPU
		{D0B6E6A1-3409-4F3A-AB9D-E9B012C5E335}.Debug|Any CPU.Build.0 = Debug|Any CPU
		{D0B6E6A1-3409-4F3A-AB9D-E9B012C5E335}.Release|Any CPU.ActiveCfg = Release|Any CPU
		{D0B6E6A1-3409-4F3A-AB9D-E9B012C5E335}.Release|Any CPU.Build.0 = Release|Any CPU
		{245F6D8F-1DCB-4DF2-BE24-61E1671974EA}.Debug|Any CPU.ActiveCfg = Debug|Any CPU
		{245F6D8F-1DCB-4DF2-BE24-61E1671974EA}.Debug|Any CPU.Build.0 = Debug|Any CPU
		{245F6D8F-1DCB-4DF2-BE24-61E1671974EA}.Release|Any CPU.ActiveCfg = Release|Any CPU
		{245F6D8F-1DCB-4DF2-BE24-61E1671974EA}.Release|Any CPU.Build.0 = Release|Any CPU
		{4BF407CC-734E-4A79-A0F3-9C67C478C6BB}.Debug|Any CPU.ActiveCfg = Debug|Any CPU
		{4BF407CC-734E-4A79-A0F3-9C67C478C6BB}.Debug|Any CPU.Build.0 = Debug|Any CPU
		{4BF407CC-734E-4A79-A0F3-9C67C478C6BB}.Release|Any CPU.ActiveCfg = Release|Any CPU
		{4BF407CC-734E-4A79-A0F3-9C67C478C6BB}.Release|Any CPU.Build.0 = Release|Any CPU
	EndGlobalSection
	GlobalSection(SolutionProperties) = preSolution
		HideSolutionNode = FALSE
	EndGlobalSection
	GlobalSection(ExtensibilityGlobals) = postSolution
		SolutionGuid = {BB94886C-46AC-426E-B0AB-650329FAEFB7}
	EndGlobalSection
EndGlobal
